
Microsoft Visual Studio Solution File, Format Version 12.00
# Visual Studio Version 17
VisualStudioVersion = 17.1.32421.90
MinimumVisualStudioVersion = 10.0.40219.1
Project("{FAE04EC0-301F-11D3-BF4B-00C04F79EFBC}") = "Sandbox", "Sandbox\Sandbox.csproj", "{605E9CE5-1EB5-44C2-BC22-57FC309E1E8C}"
EndProject
Global
	GlobalSection(SolutionConfigurationPlatforms) = preSolution
		Debug|Any CPU = Debug|Any CPU
		Release|Any CPU = Release|Any CPU
	EndGlobalSection
	GlobalSection(ProjectConfigurationPlatforms) = postSolution
		{605E9CE5-1EB5-44C2-BC22-57FC309E1E8C}.Debug|Any CPU.ActiveCfg = Debug|Any CPU
		{605E9CE5-1EB5-44C2-BC22-57FC309E1E8C}.Debug|Any CPU.Build.0 = Debug|Any CPU
		{605E9CE5-1EB5-44C2-BC22-57FC309E1E8C}.Release|Any CPU.ActiveCfg = Release|Any CPU
		{605E9CE5-1EB5-44C2-BC22-57FC309E1E8C}.Release|Any CPU.Build.0 = Release|Any CPU
	EndGlobalSection
	GlobalSection(SolutionProperties) = preSolution
		HideSolutionNode = FALSE
	EndGlobalSection
	GlobalSection(ExtensibilityGlobals) = postSolution
		SolutionGuid = {6E4146F2-68A9-4C5D-8E09-22B7C1580B41}
	EndGlobalSection
EndGlobal
